
Microsoft Visual Studio Solution File, Format Version 12.00
# Visual Studio Version 17
VisualStudioVersion = 17.1.32210.238
MinimumVisualStudioVersion = 10.0.40219.1
Project("{9A19103F-16F7-4668-BE54-9A1E7A4F7556}") = "View", "View\View.csproj", "{68696E64-39BE-4790-9D4B-D984190616D3}"
EndProject
Project("{9A19103F-16F7-4668-BE54-9A1E7A4F7556}") = "Data", "Data\Data.csproj", "{C054923A-DF11-4434-9D8C-479844B049CC}"
EndProject
Project("{9A19103F-16F7-4668-BE54-9A1E7A4F7556}") = "Logic", "Logic\Logic.csproj", "{0B967355-9A85-47B8-A4A4-E02F24502079}"
EndProject
Project("{9A19103F-16F7-4668-BE54-9A1E7A4F7556}") = "Logic.Tests", "Logic.Tests\Logic.Tests.csproj", "{B6E3FD57-993F-42E9-9F0E-4EE5EAAB0714}"
EndProject
Project("{9A19103F-16F7-4668-BE54-9A1E7A4F7556}") = "Data.Tests", "Data.Tests\Data.Tests.csproj", "{DCEABE4B-6FC3-419A-8F6A-CA15235C731E}"
EndProject
Project("{FAE04EC0-301F-11D3-BF4B-00C04F79EFBC}") = "Model", "Model\Model.csproj", "{1263FA78-B496-4F0A-9C87-6BF303BF4A7D}"
EndProject
Project("{FAE04EC0-301F-11D3-BF4B-00C04F79EFBC}") = "ViewModel", "ViewModel\ViewModel.csproj", "{434FB1FC-78F4-4145-B1F0-A9D48FA028C9}"
EndProject
Global
	GlobalSection(SolutionConfigurationPlatforms) = preSolution
		Debug|Any CPU = Debug|Any CPU
		Release|Any CPU = Release|Any CPU
	EndGlobalSection
	GlobalSection(ProjectConfigurationPlatforms) = postSolution
		{68696E64-39BE-4790-9D4B-D984190616D3}.Debug|Any CPU.ActiveCfg = Debug|Any CPU
		{68696E64-39BE-4790-9D4B-D984190616D3}.Debug|Any CPU.Build.0 = Debug|Any CPU
		{68696E64-39BE-4790-9D4B-D984190616D3}.Release|Any CPU.ActiveCfg = Release|Any CPU
		{68696E64-39BE-4790-9D4B-D984190616D3}.Release|Any CPU.Build.0 = Release|Any CPU
		{C054923A-DF11-4434-9D8C-479844B049CC}.Debug|Any CPU.ActiveCfg = Debug|Any CPU
		{C054923A-DF11-4434-9D8C-479844B049CC}.Debug|Any CPU.Build.0 = Debug|Any CPU
		{C054923A-DF11-4434-9D8C-479844B049CC}.Release|Any CPU.ActiveCfg = Release|Any CPU
		{C054923A-DF11-4434-9D8C-479844B049CC}.Release|Any CPU.Build.0 = Release|Any CPU
		{0B967355-9A85-47B8-A4A4-E02F24502079}.Debug|Any CPU.ActiveCfg = Debug|Any CPU
		{0B967355-9A85-47B8-A4A4-E02F24502079}.Debug|Any CPU.Build.0 = Debug|Any CPU
		{0B967355-9A85-47B8-A4A4-E02F24502079}.Release|Any CPU.ActiveCfg = Release|Any CPU
		{0B967355-9A85-47B8-A4A4-E02F24502079}.Release|Any CPU.Build.0 = Release|Any CPU
		{B6E3FD57-993F-42E9-9F0E-4EE5EAAB0714}.Debug|Any CPU.ActiveCfg = Debug|Any CPU
		{B6E3FD57-993F-42E9-9F0E-4EE5EAAB0714}.Debug|Any CPU.Build.0 = Debug|Any CPU
		{B6E3FD57-993F-42E9-9F0E-4EE5EAAB0714}.Release|Any CPU.ActiveCfg = Release|Any CPU
		{B6E3FD57-993F-42E9-9F0E-4EE5EAAB0714}.Release|Any CPU.Build.0 = Release|Any CPU
		{DCEABE4B-6FC3-419A-8F6A-CA15235C731E}.Debug|Any CPU.ActiveCfg = Debug|Any CPU
		{DCEABE4B-6FC3-419A-8F6A-CA15235C731E}.Debug|Any CPU.Build.0 = Debug|Any CPU
		{DCEABE4B-6FC3-419A-8F6A-CA15235C731E}.Release|Any CPU.ActiveCfg = Release|Any CPU
		{DCEABE4B-6FC3-419A-8F6A-CA15235C731E}.Release|Any CPU.Build.0 = Release|Any CPU
		{1263FA78-B496-4F0A-9C87-6BF303BF4A7D}.Debug|Any CPU.ActiveCfg = Debug|Any CPU
		{1263FA78-B496-4F0A-9C87-6BF303BF4A7D}.Debug|Any CPU.Build.0 = Debug|Any CPU
		{1263FA78-B496-4F0A-9C87-6BF303BF4A7D}.Release|Any CPU.ActiveCfg = Release|Any CPU
		{1263FA78-B496-4F0A-9C87-6BF303BF4A7D}.Release|Any CPU.Build.0 = Release|Any CPU
		{434FB1FC-78F4-4145-B1F0-A9D48FA028C9}.Debug|Any CPU.ActiveCfg = Debug|Any CPU
		{434FB1FC-78F4-4145-B1F0-A9D48FA028C9}.Debug|Any CPU.Build.0 = Debug|Any CPU
		{434FB1FC-78F4-4145-B1F0-A9D48FA028C9}.Release|Any CPU.ActiveCfg = Release|Any CPU
		{434FB1FC-78F4-4145-B1F0-A9D48FA028C9}.Release|Any CPU.Build.0 = Release|Any CPU
	EndGlobalSection
	GlobalSection(SolutionProperties) = preSolution
		HideSolutionNode = FALSE
	EndGlobalSection
	GlobalSection(ExtensibilityGlobals) = postSolution
		SolutionGuid = {4B1CA15F-035D-4F8C-B6E3-AE72374B7C85}
	EndGlobalSection
EndGlobal
